
Microsoft Visual Studio Solution File, Format Version 12.00
# Visual Studio Version 17
VisualStudioVersion = 17.6.33815.320
MinimumVisualStudioVersion = 10.0.40219.1
Project("{FAE04EC0-301F-11D3-BF4B-00C04F79EFBC}") = "MicroService1.API", "MicroService1.API\MicroService1.API.csproj", "{22FB43C8-4599-4E80-B8EF-472AF325DC10}"
EndProject
Global
	GlobalSection(SolutionConfigurationPlatforms) = preSolution
		Debug|Any CPU = Debug|Any CPU
		Release|Any CPU = Release|Any CPU
	EndGlobalSection
	GlobalSection(ProjectConfigurationPlatforms) = postSolution
		{22FB43C8-4599-4E80-B8EF-472AF325DC10}.Debug|Any CPU.ActiveCfg = Debug|Any CPU
		{22FB43C8-4599-4E80-B8EF-472AF325DC10}.Debug|Any CPU.Build.0 = Debug|Any CPU
		{22FB43C8-4599-4E80-B8EF-472AF325DC10}.Release|Any CPU.ActiveCfg = Release|Any CPU
		{22FB43C8-4599-4E80-B8EF-472AF325DC10}.Release|Any CPU.Build.0 = Release|Any CPU
	EndGlobalSection
	GlobalSection(SolutionProperties) = preSolution
		HideSolutionNode = FALSE
	EndGlobalSection
	GlobalSection(ExtensibilityGlobals) = postSolution
		SolutionGuid = {0446E612-96BD-4ED4-918E-0B4C1F76304C}
	EndGlobalSection
EndGlobal
